
Microsoft Visual Studio Solution File, Format Version 12.00
# Visual Studio Version 17
VisualStudioVersion = 17.0.31919.166
MinimumVisualStudioVersion = 10.0.40219.1
Project("{FAE04EC0-301F-11D3-BF4B-00C04F79EFBC}") = "EzraDND", "EzraDND\EzraDND.csproj", "{276FE7BF-2151-4F28-8084-BDC7B7DAA71B}"
EndProject
Global
	GlobalSection(SolutionConfigurationPlatforms) = preSolution
		Debug|Any CPU = Debug|Any CPU
		Release|Any CPU = Release|Any CPU
	EndGlobalSection
	GlobalSection(ProjectConfigurationPlatforms) = postSolution
		{276FE7BF-2151-4F28-8084-BDC7B7DAA71B}.Debug|Any CPU.ActiveCfg = Debug|Any CPU
		{276FE7BF-2151-4F28-8084-BDC7B7DAA71B}.Debug|Any CPU.Build.0 = Debug|Any CPU
		{276FE7BF-2151-4F28-8084-BDC7B7DAA71B}.Release|Any CPU.ActiveCfg = Release|Any CPU
		{276FE7BF-2151-4F28-8084-BDC7B7DAA71B}.Release|Any CPU.Build.0 = Release|Any CPU
	EndGlobalSection
	GlobalSection(SolutionProperties) = preSolution
		HideSolutionNode = FALSE
	EndGlobalSection
	GlobalSection(ExtensibilityGlobals) = postSolution
		SolutionGuid = {D5138DCD-0E6B-4577-A5EE-5524E1753C5A}
	EndGlobalSection
EndGlobal
